
Microsoft Visual Studio Solution File, Format Version 12.00
# Visual Studio Version 16
VisualStudioVersion = 16.0.32407.337
MinimumVisualStudioVersion = 10.0.40219.1
Project("{FAE04EC0-301F-11D3-BF4B-00C04F79EFBC}") = "GenerarFuentes", "GenerarFuentes.csproj", "{DDD674B8-11D3-454E-8C04-3372FBAC4436}"
EndProject
Global
	GlobalSection(SolutionConfigurationPlatforms) = preSolution
		2020 Debug|Any CPU = 2020 Debug|Any CPU
		2020 Release|Any CPU = 2020 Release|Any CPU
	EndGlobalSection
	GlobalSection(ProjectConfigurationPlatforms) = postSolution
		{DDD674B8-11D3-454E-8C04-3372FBAC4436}.2020 Debug|Any CPU.ActiveCfg = 2020 Debug|Any CPU
		{DDD674B8-11D3-454E-8C04-3372FBAC4436}.2020 Debug|Any CPU.Build.0 = 2020 Debug|Any CPU
		{DDD674B8-11D3-454E-8C04-3372FBAC4436}.2020 Release|Any CPU.ActiveCfg = 2020 Release|Any CPU
		{DDD674B8-11D3-454E-8C04-3372FBAC4436}.2020 Release|Any CPU.Build.0 = 2020 Release|Any CPU
	EndGlobalSection
	GlobalSection(SolutionProperties) = preSolution
		HideSolutionNode = FALSE
	EndGlobalSection
	GlobalSection(ExtensibilityGlobals) = postSolution
		SolutionGuid = {D76AC07F-D3C4-4D1B-A44F-785F9A71A044}
	EndGlobalSection
EndGlobal
